
Microsoft Visual Studio Solution File, Format Version 12.00
# Visual Studio Version 16
VisualStudioVersion = 16.0.29728.190
MinimumVisualStudioVersion = 10.0.40219.1
Project("{2150E333-8FDC-42A3-9474-1A3956D46DE8}") = "001 - API", "001 - API", "{C6B3866E-1826-43CD-A974-C1601680D679}"
EndProject
Project("{2150E333-8FDC-42A3-9474-1A3956D46DE8}") = "002 - Dominio", "002 - Dominio", "{DFAA5708-FC12-483A-8E36-1E5375F364B5}"
EndProject
Project("{2150E333-8FDC-42A3-9474-1A3956D46DE8}") = "003 - Shared", "003 - Shared", "{A4B0B661-FE20-4493-B565-BD373BF068CD}"
EndProject
Project("{2150E333-8FDC-42A3-9474-1A3956D46DE8}") = "004 - Infra", "004 - Infra", "{BDD5DAD1-B135-49F0-9D8A-05A0A3B62572}"
EndProject
Project("{2150E333-8FDC-42A3-9474-1A3956D46DE8}") = "999 - Test", "999 - Test", "{7D582A92-06E3-425C-9F8A-34D23AC3B61B}"
EndProject
Project("{FAE04EC0-301F-11D3-BF4B-00C04F79EFBC}") = "BlendIt.Test.Shared", "src\BlendIt.Test.Shared\BlendIt.Test.Shared.csproj", "{44B3532B-0302-4B9F-8D3D-D188A7CDD2A5}"
EndProject
Project("{FAE04EC0-301F-11D3-BF4B-00C04F79EFBC}") = "BlendIt.Test.Domain", "src\BlendIt.Test.Domain\BlendIt.Test.Domain.csproj", "{9AD1FA5E-F4CC-4DF4-B403-1FE506996158}"
EndProject
Project("{2150E333-8FDC-42A3-9474-1A3956D46DE8}") = "004.1 - Repository", "004.1 - Repository", "{CCDA19DB-AD47-4809-9CB2-9D75A94A5D7F}"
EndProject
Project("{FAE04EC0-301F-11D3-BF4B-00C04F79EFBC}") = "BlendIt.Test.Repository", "src\BlendIt.Test.Repository\BlendIt.Test.Repository.csproj", "{72AC53F4-3BDC-45BB-AC22-1F0ABA16CA69}"
EndProject
Project("{2150E333-8FDC-42A3-9474-1A3956D46DE8}") = "004.2 - CrossCutting", "004.2 - CrossCutting", "{FFF44AFB-0015-43A3-87FF-61A68B35F872}"
EndProject
Project("{FAE04EC0-301F-11D3-BF4B-00C04F79EFBC}") = "BlendIt.Test.CrossCutting.IoC", "src\BlendIt.Test.CrossCutting.IoC\BlendIt.Test.CrossCutting.IoC.csproj", "{BAFE0043-7284-45E4-97CE-1842FD1D2950}"
EndProject
Project("{FAE04EC0-301F-11D3-BF4B-00C04F79EFBC}") = "BlendIt.Test.API", "src\BlendIt.Test.API\BlendIt.Test.API.csproj", "{7A3E8BC0-7C38-4340-B5D7-2425613153BD}"
EndProject
Project("{2150E333-8FDC-42A3-9474-1A3956D46DE8}") = "004.3 - Services", "004.3 - Services", "{B0AEB298-18BA-4433-A156-9BF0A5DEE1FB}"
EndProject
Project("{FAE04EC0-301F-11D3-BF4B-00C04F79EFBC}") = "BlendIt.Test.Services.Authenticate", "src\BlendIt.Test.Services.Authenticate\BlendIt.Test.Services.Authenticate.csproj", "{B553BE5C-5885-484C-99AC-8525558C9DA0}"
EndProject
Global
	GlobalSection(SolutionConfigurationPlatforms) = preSolution
		Debug|Any CPU = Debug|Any CPU
		Release|Any CPU = Release|Any CPU
	EndGlobalSection
	GlobalSection(ProjectConfigurationPlatforms) = postSolution
		{44B3532B-0302-4B9F-8D3D-D188A7CDD2A5}.Debug|Any CPU.ActiveCfg = Debug|Any CPU
		{44B3532B-0302-4B9F-8D3D-D188A7CDD2A5}.Debug|Any CPU.Build.0 = Debug|Any CPU
		{44B3532B-0302-4B9F-8D3D-D188A7CDD2A5}.Release|Any CPU.ActiveCfg = Release|Any CPU
		{44B3532B-0302-4B9F-8D3D-D188A7CDD2A5}.Release|Any CPU.Build.0 = Release|Any CPU
		{9AD1FA5E-F4CC-4DF4-B403-1FE506996158}.Debug|Any CPU.ActiveCfg = Debug|Any CPU
		{9AD1FA5E-F4CC-4DF4-B403-1FE506996158}.Debug|Any CPU.Build.0 = Debug|Any CPU
		{9AD1FA5E-F4CC-4DF4-B403-1FE506996158}.Release|Any CPU.ActiveCfg = Release|Any CPU
		{9AD1FA5E-F4CC-4DF4-B403-1FE506996158}.Release|Any CPU.Build.0 = Release|Any CPU
		{72AC53F4-3BDC-45BB-AC22-1F0ABA16CA69}.Debug|Any CPU.ActiveCfg = Debug|Any CPU
		{72AC53F4-3BDC-45BB-AC22-1F0ABA16CA69}.Debug|Any CPU.Build.0 = Debug|Any CPU
		{72AC53F4-3BDC-45BB-AC22-1F0ABA16CA69}.Release|Any CPU.ActiveCfg = Release|Any CPU
		{72AC53F4-3BDC-45BB-AC22-1F0ABA16CA69}.Release|Any CPU.Build.0 = Release|Any CPU
		{BAFE0043-7284-45E4-97CE-1842FD1D2950}.Debug|Any CPU.ActiveCfg = Debug|Any CPU
		{BAFE0043-7284-45E4-97CE-1842FD1D2950}.Debug|Any CPU.Build.0 = Debug|Any CPU
		{BAFE0043-7284-45E4-97CE-1842FD1D2950}.Release|Any CPU.ActiveCfg = Release|Any CPU
		{BAFE0043-7284-45E4-97CE-1842FD1D2950}.Release|Any CPU.Build.0 = Release|Any CPU
		{7A3E8BC0-7C38-4340-B5D7-2425613153BD}.Debug|Any CPU.ActiveCfg = Debug|Any CPU
		{7A3E8BC0-7C38-4340-B5D7-2425613153BD}.Debug|Any CPU.Build.0 = Debug|Any CPU
		{7A3E8BC0-7C38-4340-B5D7-2425613153BD}.Release|Any CPU.ActiveCfg = Release|Any CPU
		{7A3E8BC0-7C38-4340-B5D7-2425613153BD}.Release|Any CPU.Build.0 = Release|Any CPU
		{B553BE5C-5885-484C-99AC-8525558C9DA0}.Debug|Any CPU.ActiveCfg = Debug|Any CPU
		{B553BE5C-5885-484C-99AC-8525558C9DA0}.Debug|Any CPU.Build.0 = Debug|Any CPU
		{B553BE5C-5885-484C-99AC-8525558C9DA0}.Release|Any CPU.ActiveCfg = Release|Any CPU
		{B553BE5C-5885-484C-99AC-8525558C9DA0}.Release|Any CPU.Build.0 = Release|Any CPU
	EndGlobalSection
	GlobalSection(SolutionProperties) = preSolution
		HideSolutionNode = FALSE
	EndGlobalSection
	GlobalSection(NestedProjects) = preSolution
		{44B3532B-0302-4B9F-8D3D-D188A7CDD2A5} = {A4B0B661-FE20-4493-B565-BD373BF068CD}
		{9AD1FA5E-F4CC-4DF4-B403-1FE506996158} = {DFAA5708-FC12-483A-8E36-1E5375F364B5}
		{CCDA19DB-AD47-4809-9CB2-9D75A94A5D7F} = {BDD5DAD1-B135-49F0-9D8A-05A0A3B62572}
		{72AC53F4-3BDC-45BB-AC22-1F0ABA16CA69} = {CCDA19DB-AD47-4809-9CB2-9D75A94A5D7F}
		{FFF44AFB-0015-43A3-87FF-61A68B35F872} = {BDD5DAD1-B135-49F0-9D8A-05A0A3B62572}
		{BAFE0043-7284-45E4-97CE-1842FD1D2950} = {FFF44AFB-0015-43A3-87FF-61A68B35F872}
		{7A3E8BC0-7C38-4340-B5D7-2425613153BD} = {C6B3866E-1826-43CD-A974-C1601680D679}
		{B0AEB298-18BA-4433-A156-9BF0A5DEE1FB} = {BDD5DAD1-B135-49F0-9D8A-05A0A3B62572}
		{B553BE5C-5885-484C-99AC-8525558C9DA0} = {B0AEB298-18BA-4433-A156-9BF0A5DEE1FB}
	EndGlobalSection
	GlobalSection(ExtensibilityGlobals) = postSolution
		SolutionGuid = {578A52FA-8B21-41B3-8F99-DF660933BDF0}
	EndGlobalSection
EndGlobal
